
Microsoft Visual Studio Solution File, Format Version 12.00
# Visual Studio Version 16
VisualStudioVersion = 16.0.29911.84
MinimumVisualStudioVersion = 10.0.40219.1
Project("{9A19103F-16F7-4668-BE54-9A1E7A4F7556}") = "Permisos", "Permisos\Permisos.csproj", "{477210B5-EFF8-4842-A564-D9E4C9A4B250}"
EndProject
Project("{9A19103F-16F7-4668-BE54-9A1E7A4F7556}") = "DataAccess", "DataAccess\DataAccess.csproj", "{24C4CB68-7D06-4C97-B6ED-DDA488AB1D28}"
EndProject
Project("{9A19103F-16F7-4668-BE54-9A1E7A4F7556}") = "DataServicesAccess", "DataServicesAccess\DataServicesAccess.csproj", "{95DCA1EA-5D7A-43F5-8907-FDADDBDE66DF}"
EndProject
Global
	GlobalSection(SolutionConfigurationPlatforms) = preSolution
		Debug|Any CPU = Debug|Any CPU
		Release|Any CPU = Release|Any CPU
	EndGlobalSection
	GlobalSection(ProjectConfigurationPlatforms) = postSolution
		{477210B5-EFF8-4842-A564-D9E4C9A4B250}.Debug|Any CPU.ActiveCfg = Debug|Any CPU
		{477210B5-EFF8-4842-A564-D9E4C9A4B250}.Debug|Any CPU.Build.0 = Debug|Any CPU
		{477210B5-EFF8-4842-A564-D9E4C9A4B250}.Release|Any CPU.ActiveCfg = Release|Any CPU
		{477210B5-EFF8-4842-A564-D9E4C9A4B250}.Release|Any CPU.Build.0 = Release|Any CPU
		{24C4CB68-7D06-4C97-B6ED-DDA488AB1D28}.Debug|Any CPU.ActiveCfg = Debug|Any CPU
		{24C4CB68-7D06-4C97-B6ED-DDA488AB1D28}.Debug|Any CPU.Build.0 = Debug|Any CPU
		{24C4CB68-7D06-4C97-B6ED-DDA488AB1D28}.Release|Any CPU.ActiveCfg = Release|Any CPU
		{24C4CB68-7D06-4C97-B6ED-DDA488AB1D28}.Release|Any CPU.Build.0 = Release|Any CPU
		{95DCA1EA-5D7A-43F5-8907-FDADDBDE66DF}.Debug|Any CPU.ActiveCfg = Debug|Any CPU
		{95DCA1EA-5D7A-43F5-8907-FDADDBDE66DF}.Debug|Any CPU.Build.0 = Debug|Any CPU
		{95DCA1EA-5D7A-43F5-8907-FDADDBDE66DF}.Release|Any CPU.ActiveCfg = Release|Any CPU
		{95DCA1EA-5D7A-43F5-8907-FDADDBDE66DF}.Release|Any CPU.Build.0 = Release|Any CPU
	EndGlobalSection
	GlobalSection(SolutionProperties) = preSolution
		HideSolutionNode = FALSE
	EndGlobalSection
	GlobalSection(ExtensibilityGlobals) = postSolution
		SolutionGuid = {9631BCA9-3807-42A7-8061-30E36848F38C}
	EndGlobalSection
EndGlobal
